
Microsoft Visual Studio Solution File, Format Version 12.00
# Visual Studio Version 17
VisualStudioVersion = 17.0.31903.59
MinimumVisualStudioVersion = 10.0.40219.1
Project("{2150E333-8FDC-42A3-9474-1A3956D46DE8}") = "src", "src", "{827E0CD3-B72D-47B6-A68D-7590B98EB39B}"
EndProject
Project("{2150E333-8FDC-42A3-9474-1A3956D46DE8}") = "Services", "Services", "{984BB9B3-3FA3-BE33-9484-CAC21695A33C}"
EndProject
Project("{2150E333-8FDC-42A3-9474-1A3956D46DE8}") = "autodecision-contracts", "autodecision-contracts", "{B17AB2F2-6BBA-AE88-8D92-B6A026883F72}"
EndProject
Project("{FAE04EC0-301F-11D3-BF4B-00C04F79EFBC}") = "AutodecisionCore.Contracts", "src\Services\autodecision-contracts\AutodecisionCore.Contracts.csproj", "{69CBAE1F-8765-4C66-A5EA-77E2D57392CF}"
EndProject
Project("{2150E333-8FDC-42A3-9474-1A3956D46DE8}") = "autodecision-core", "autodecision-core", "{9CDCFF39-3A94-A3B7-EC45-125434D0704D}"
EndProject
Project("{FAE04EC0-301F-11D3-BF4B-00C04F79EFBC}") = "AutodecisionCore", "src\Services\autodecision-core\AutodecisionCore.csproj", "{7B5F85E2-21E4-4CD0-92B6-F24D96FA27AA}"
EndProject
Project("{2150E333-8FDC-42A3-9474-1A3956D46DE8}") = "autodecision-multiple-flags-processor", "autodecision-multiple-flags-processor", "{E7B0F471-7A38-4CA8-938A-52DE5C149C12}"
EndProject
Project("{FAE04EC0-301F-11D3-BF4B-00C04F79EFBC}") = "AutodecisionMultipleFlagsProcessor", "src\Services\autodecision-multiple-flags-processor\AutodecisionMultipleFlagsProcessor.csproj", "{BDCD2BF4-89CE-461D-9250-48325BD863FA}"
EndProject
Global
	GlobalSection(SolutionConfigurationPlatforms) = preSolution
		Debug|Any CPU = Debug|Any CPU
		Debug|x64 = Debug|x64
		Debug|x86 = Debug|x86
		Release|Any CPU = Release|Any CPU
		Release|x64 = Release|x64
		Release|x86 = Release|x86
	EndGlobalSection
	GlobalSection(ProjectConfigurationPlatforms) = postSolution
		{69CBAE1F-8765-4C66-A5EA-77E2D57392CF}.Debug|Any CPU.ActiveCfg = Debug|Any CPU
		{69CBAE1F-8765-4C66-A5EA-77E2D57392CF}.Debug|Any CPU.Build.0 = Debug|Any CPU
		{69CBAE1F-8765-4C66-A5EA-77E2D57392CF}.Debug|x64.ActiveCfg = Debug|Any CPU
		{69CBAE1F-8765-4C66-A5EA-77E2D57392CF}.Debug|x64.Build.0 = Debug|Any CPU
		{69CBAE1F-8765-4C66-A5EA-77E2D57392CF}.Debug|x86.ActiveCfg = Debug|Any CPU
		{69CBAE1F-8765-4C66-A5EA-77E2D57392CF}.Debug|x86.Build.0 = Debug|Any CPU
		{69CBAE1F-8765-4C66-A5EA-77E2D57392CF}.Release|Any CPU.ActiveCfg = Release|Any CPU
		{69CBAE1F-8765-4C66-A5EA-77E2D57392CF}.Release|Any CPU.Build.0 = Release|Any CPU
		{69CBAE1F-8765-4C66-A5EA-77E2D57392CF}.Release|x64.ActiveCfg = Release|Any CPU
		{69CBAE1F-8765-4C66-A5EA-77E2D57392CF}.Release|x64.Build.0 = Release|Any CPU
		{69CBAE1F-8765-4C66-A5EA-77E2D57392CF}.Release|x86.ActiveCfg = Release|Any CPU
		{69CBAE1F-8765-4C66-A5EA-77E2D57392CF}.Release|x86.Build.0 = Release|Any CPU
		{7B5F85E2-21E4-4CD0-92B6-F24D96FA27AA}.Debug|Any CPU.ActiveCfg = Debug|Any CPU
		{7B5F85E2-21E4-4CD0-92B6-F24D96FA27AA}.Debug|Any CPU.Build.0 = Debug|Any CPU
		{7B5F85E2-21E4-4CD0-92B6-F24D96FA27AA}.Debug|x64.ActiveCfg = Debug|Any CPU
		{7B5F85E2-21E4-4CD0-92B6-F24D96FA27AA}.Debug|x64.Build.0 = Debug|Any CPU
		{7B5F85E2-21E4-4CD0-92B6-F24D96FA27AA}.Debug|x86.ActiveCfg = Debug|Any CPU
		{7B5F85E2-21E4-4CD0-92B6-F24D96FA27AA}.Debug|x86.Build.0 = Debug|Any CPU
		{7B5F85E2-21E4-4CD0-92B6-F24D96FA27AA}.Release|Any CPU.ActiveCfg = Release|Any CPU
		{7B5F85E2-21E4-4CD0-92B6-F24D96FA27AA}.Release|Any CPU.Build.0 = Release|Any CPU
		{7B5F85E2-21E4-4CD0-92B6-F24D96FA27AA}.Release|x64.ActiveCfg = Release|Any CPU
		{7B5F85E2-21E4-4CD0-92B6-F24D96FA27AA}.Release|x64.Build.0 = Release|Any CPU
		{7B5F85E2-21E4-4CD0-92B6-F24D96FA27AA}.Release|x86.ActiveCfg = Release|Any CPU
		{7B5F85E2-21E4-4CD0-92B6-F24D96FA27AA}.Release|x86.Build.0 = Release|Any CPU
		{BDCD2BF4-89CE-461D-9250-48325BD863FA}.Debug|Any CPU.ActiveCfg = Debug|Any CPU
		{BDCD2BF4-89CE-461D-9250-48325BD863FA}.Debug|Any CPU.Build.0 = Debug|Any CPU
		{BDCD2BF4-89CE-461D-9250-48325BD863FA}.Debug|x64.ActiveCfg = Debug|Any CPU
		{BDCD2BF4-89CE-461D-9250-48325BD863FA}.Debug|x64.Build.0 = Debug|Any CPU
		{BDCD2BF4-89CE-461D-9250-48325BD863FA}.Debug|x86.ActiveCfg = Debug|Any CPU
		{BDCD2BF4-89CE-461D-9250-48325BD863FA}.Debug|x86.Build.0 = Debug|Any CPU
		{BDCD2BF4-89CE-461D-9250-48325BD863FA}.Release|Any CPU.ActiveCfg = Release|Any CPU
		{BDCD2BF4-89CE-461D-9250-48325BD863FA}.Release|Any CPU.Build.0 = Release|Any CPU
		{BDCD2BF4-89CE-461D-9250-48325BD863FA}.Release|x64.ActiveCfg = Release|Any CPU
		{BDCD2BF4-89CE-461D-9250-48325BD863FA}.Release|x64.Build.0 = Release|Any CPU
		{BDCD2BF4-89CE-461D-9250-48325BD863FA}.Release|x86.ActiveCfg = Release|Any CPU
		{BDCD2BF4-89CE-461D-9250-48325BD863FA}.Release|x86.Build.0 = Release|Any CPU
	EndGlobalSection
	GlobalSection(SolutionProperties) = preSolution
		HideSolutionNode = FALSE
	EndGlobalSection
	GlobalSection(NestedProjects) = preSolution
		{984BB9B3-3FA3-BE33-9484-CAC21695A33C} = {827E0CD3-B72D-47B6-A68D-7590B98EB39B}
		{B17AB2F2-6BBA-AE88-8D92-B6A026883F72} = {984BB9B3-3FA3-BE33-9484-CAC21695A33C}
		{69CBAE1F-8765-4C66-A5EA-77E2D57392CF} = {B17AB2F2-6BBA-AE88-8D92-B6A026883F72}
		{9CDCFF39-3A94-A3B7-EC45-125434D0704D} = {984BB9B3-3FA3-BE33-9484-CAC21695A33C}
		{7B5F85E2-21E4-4CD0-92B6-F24D96FA27AA} = {9CDCFF39-3A94-A3B7-EC45-125434D0704D}
		{E7B0F471-7A38-4CA8-938A-52DE5C149C12} = {984BB9B3-3FA3-BE33-9484-CAC21695A33C}
		{BDCD2BF4-89CE-461D-9250-48325BD863FA} = {E7B0F471-7A38-4CA8-938A-52DE5C149C12}
	EndGlobalSection
EndGlobal
