
Microsoft Visual Studio Solution File, Format Version 12.00
# Visual Studio Version 17
VisualStudioVersion = 17.0.31903.59
MinimumVisualStudioVersion = 10.0.40219.1
Project("{2150E333-8FDC-42A3-9474-1A3956D46DE8}") = "src", "src", "{827E0CD3-B72D-47B6-A68D-7590B98EB39B}"
EndProject
Project("{2150E333-8FDC-42A3-9474-1A3956D46DE8}") = "Services", "Services", "{984BB9B3-3FA3-BE33-9484-CAC21695A33C}"
EndProject
Project("{FAE04EC0-301F-11D3-BF4B-00C04F79EFBC}") = "AutodecisionCore", "src\Services\AutodecisionCore\AutodecisionCore.csproj", "{8B9CD014-70F9-49C8-BD68-486ED885641E}"
EndProject
Project("{FAE04EC0-301F-11D3-BF4B-00C04F79EFBC}") = "AutodecisionMultipleFlagsProcessor", "src\Services\AutodecisionMultipleFlagsProcessor\AutodecisionMultipleFlagsProcessor.csproj", "{A97B3917-DEB7-4084-A1D0-2580AB0E4893}"
EndProject
Project("{2150E333-8FDC-42A3-9474-1A3956D46DE8}") = "tests", "tests", "{0AB3BF05-4346-4AA6-1389-037BE0695223}"
EndProject
Project("{FAE04EC0-301F-11D3-BF4B-00C04F79EFBC}") = "AutodecisionCore.Tests", "tests\AutodecisionCore.Tests\AutodecisionCore.Tests.csproj", "{18113C66-EF4F-4F9B-B051-3218D0C91EBA}"
EndProject
Project("{FAE04EC0-301F-11D3-BF4B-00C04F79EFBC}") = "AutodecisionMultipleFlagsProcessor.Tests", "tests\AutodecisionMultipleFlagsProcessor.Tests\AutodecisionMultipleFlagsProcessor.Tests.csproj", "{1CC968D5-3409-4EE7-ADD9-9D75F3C35686}"
EndProject
Project("{2150E333-8FDC-42A3-9474-1A3956D46DE8}") = "Shared", "Shared", "{C8E42992-5E42-0C2B-DBFE-AA848D06431C}"
EndProject
Project("{FAE04EC0-301F-11D3-BF4B-00C04F79EFBC}") = "AutodecisionCore.Contracts", "src\shared\AutodecisionContracts\AutodecisionCore.Contracts.csproj", "{7626A988-CFA1-4205-B001-95B299E96DE7}"
EndProject
Global
	GlobalSection(SolutionConfigurationPlatforms) = preSolution
		Debug|Any CPU = Debug|Any CPU
		Debug|x64 = Debug|x64
		Debug|x86 = Debug|x86
		Release|Any CPU = Release|Any CPU
		Release|x64 = Release|x64
		Release|x86 = Release|x86
	EndGlobalSection
	GlobalSection(ProjectConfigurationPlatforms) = postSolution
		{8B9CD014-70F9-49C8-BD68-486ED885641E}.Debug|Any CPU.ActiveCfg = Debug|Any CPU
		{8B9CD014-70F9-49C8-BD68-486ED885641E}.Debug|Any CPU.Build.0 = Debug|Any CPU
		{8B9CD014-70F9-49C8-BD68-486ED885641E}.Debug|x64.ActiveCfg = Debug|Any CPU
		{8B9CD014-70F9-49C8-BD68-486ED885641E}.Debug|x64.Build.0 = Debug|Any CPU
		{8B9CD014-70F9-49C8-BD68-486ED885641E}.Debug|x86.ActiveCfg = Debug|Any CPU
		{8B9CD014-70F9-49C8-BD68-486ED885641E}.Debug|x86.Build.0 = Debug|Any CPU
		{8B9CD014-70F9-49C8-BD68-486ED885641E}.Release|Any CPU.ActiveCfg = Release|Any CPU
		{8B9CD014-70F9-49C8-BD68-486ED885641E}.Release|Any CPU.Build.0 = Release|Any CPU
		{8B9CD014-70F9-49C8-BD68-486ED885641E}.Release|x64.ActiveCfg = Release|Any CPU
		{8B9CD014-70F9-49C8-BD68-486ED885641E}.Release|x64.Build.0 = Release|Any CPU
		{8B9CD014-70F9-49C8-BD68-486ED885641E}.Release|x86.ActiveCfg = Release|Any CPU
		{8B9CD014-70F9-49C8-BD68-486ED885641E}.Release|x86.Build.0 = Release|Any CPU
		{A97B3917-DEB7-4084-A1D0-2580AB0E4893}.Debug|Any CPU.ActiveCfg = Debug|Any CPU
		{A97B3917-DEB7-4084-A1D0-2580AB0E4893}.Debug|Any CPU.Build.0 = Debug|Any CPU
		{A97B3917-DEB7-4084-A1D0-2580AB0E4893}.Debug|x64.ActiveCfg = Debug|Any CPU
		{A97B3917-DEB7-4084-A1D0-2580AB0E4893}.Debug|x64.Build.0 = Debug|Any CPU
		{A97B3917-DEB7-4084-A1D0-2580AB0E4893}.Debug|x86.ActiveCfg = Debug|Any CPU
		{A97B3917-DEB7-4084-A1D0-2580AB0E4893}.Debug|x86.Build.0 = Debug|Any CPU
		{A97B3917-DEB7-4084-A1D0-2580AB0E4893}.Release|Any CPU.ActiveCfg = Release|Any CPU
		{A97B3917-DEB7-4084-A1D0-2580AB0E4893}.Release|Any CPU.Build.0 = Release|Any CPU
		{A97B3917-DEB7-4084-A1D0-2580AB0E4893}.Release|x64.ActiveCfg = Release|Any CPU
		{A97B3917-DEB7-4084-A1D0-2580AB0E4893}.Release|x64.Build.0 = Release|Any CPU
		{A97B3917-DEB7-4084-A1D0-2580AB0E4893}.Release|x86.ActiveCfg = Release|Any CPU
		{A97B3917-DEB7-4084-A1D0-2580AB0E4893}.Release|x86.Build.0 = Release|Any CPU
		{18113C66-EF4F-4F9B-B051-3218D0C91EBA}.Debug|Any CPU.ActiveCfg = Debug|Any CPU
		{18113C66-EF4F-4F9B-B051-3218D0C91EBA}.Debug|Any CPU.Build.0 = Debug|Any CPU
		{18113C66-EF4F-4F9B-B051-3218D0C91EBA}.Debug|x64.ActiveCfg = Debug|Any CPU
		{18113C66-EF4F-4F9B-B051-3218D0C91EBA}.Debug|x64.Build.0 = Debug|Any CPU
		{18113C66-EF4F-4F9B-B051-3218D0C91EBA}.Debug|x86.ActiveCfg = Debug|Any CPU
		{18113C66-EF4F-4F9B-B051-3218D0C91EBA}.Debug|x86.Build.0 = Debug|Any CPU
		{18113C66-EF4F-4F9B-B051-3218D0C91EBA}.Release|Any CPU.ActiveCfg = Release|Any CPU
		{18113C66-EF4F-4F9B-B051-3218D0C91EBA}.Release|Any CPU.Build.0 = Release|Any CPU
		{18113C66-EF4F-4F9B-B051-3218D0C91EBA}.Release|x64.ActiveCfg = Release|Any CPU
		{18113C66-EF4F-4F9B-B051-3218D0C91EBA}.Release|x64.Build.0 = Release|Any CPU
		{18113C66-EF4F-4F9B-B051-3218D0C91EBA}.Release|x86.ActiveCfg = Release|Any CPU
		{18113C66-EF4F-4F9B-B051-3218D0C91EBA}.Release|x86.Build.0 = Release|Any CPU
		{1CC968D5-3409-4EE7-ADD9-9D75F3C35686}.Debug|Any CPU.ActiveCfg = Debug|Any CPU
		{1CC968D5-3409-4EE7-ADD9-9D75F3C35686}.Debug|Any CPU.Build.0 = Debug|Any CPU
		{1CC968D5-3409-4EE7-ADD9-9D75F3C35686}.Debug|x64.ActiveCfg = Debug|Any CPU
		{1CC968D5-3409-4EE7-ADD9-9D75F3C35686}.Debug|x64.Build.0 = Debug|Any CPU
		{1CC968D5-3409-4EE7-ADD9-9D75F3C35686}.Debug|x86.ActiveCfg = Debug|Any CPU
		{1CC968D5-3409-4EE7-ADD9-9D75F3C35686}.Debug|x86.Build.0 = Debug|Any CPU
		{1CC968D5-3409-4EE7-ADD9-9D75F3C35686}.Release|Any CPU.ActiveCfg = Release|Any CPU
		{1CC968D5-3409-4EE7-ADD9-9D75F3C35686}.Release|Any CPU.Build.0 = Release|Any CPU
		{1CC968D5-3409-4EE7-ADD9-9D75F3C35686}.Release|x64.ActiveCfg = Release|Any CPU
		{1CC968D5-3409-4EE7-ADD9-9D75F3C35686}.Release|x64.Build.0 = Release|Any CPU
		{1CC968D5-3409-4EE7-ADD9-9D75F3C35686}.Release|x86.ActiveCfg = Release|Any CPU
		{1CC968D5-3409-4EE7-ADD9-9D75F3C35686}.Release|x86.Build.0 = Release|Any CPU
		{7626A988-CFA1-4205-B001-95B299E96DE7}.Debug|Any CPU.ActiveCfg = Debug|Any CPU
		{7626A988-CFA1-4205-B001-95B299E96DE7}.Debug|Any CPU.Build.0 = Debug|Any CPU
		{7626A988-CFA1-4205-B001-95B299E96DE7}.Debug|x64.ActiveCfg = Debug|Any CPU
		{7626A988-CFA1-4205-B001-95B299E96DE7}.Debug|x64.Build.0 = Debug|Any CPU
		{7626A988-CFA1-4205-B001-95B299E96DE7}.Debug|x86.ActiveCfg = Debug|Any CPU
		{7626A988-CFA1-4205-B001-95B299E96DE7}.Debug|x86.Build.0 = Debug|Any CPU
		{7626A988-CFA1-4205-B001-95B299E96DE7}.Release|Any CPU.ActiveCfg = Release|Any CPU
		{7626A988-CFA1-4205-B001-95B299E96DE7}.Release|Any CPU.Build.0 = Release|Any CPU
		{7626A988-CFA1-4205-B001-95B299E96DE7}.Release|x64.ActiveCfg = Release|Any CPU
		{7626A988-CFA1-4205-B001-95B299E96DE7}.Release|x64.Build.0 = Release|Any CPU
		{7626A988-CFA1-4205-B001-95B299E96DE7}.Release|x86.ActiveCfg = Release|Any CPU
		{7626A988-CFA1-4205-B001-95B299E96DE7}.Release|x86.Build.0 = Release|Any CPU
	EndGlobalSection
	GlobalSection(SolutionProperties) = preSolution
		HideSolutionNode = FALSE
	EndGlobalSection
	GlobalSection(NestedProjects) = preSolution
		{984BB9B3-3FA3-BE33-9484-CAC21695A33C} = {827E0CD3-B72D-47B6-A68D-7590B98EB39B}
		{8B9CD014-70F9-49C8-BD68-486ED885641E} = {984BB9B3-3FA3-BE33-9484-CAC21695A33C}
		{A97B3917-DEB7-4084-A1D0-2580AB0E4893} = {984BB9B3-3FA3-BE33-9484-CAC21695A33C}
		{18113C66-EF4F-4F9B-B051-3218D0C91EBA} = {0AB3BF05-4346-4AA6-1389-037BE0695223}
		{1CC968D5-3409-4EE7-ADD9-9D75F3C35686} = {0AB3BF05-4346-4AA6-1389-037BE0695223}
		{C8E42992-5E42-0C2B-DBFE-AA848D06431C} = {827E0CD3-B72D-47B6-A68D-7590B98EB39B}
		{7626A988-CFA1-4205-B001-95B299E96DE7} = {C8E42992-5E42-0C2B-DBFE-AA848D06431C}
	EndGlobalSection
EndGlobal
